
Microsoft Visual Studio Solution File, Format Version 12.00
# Visual Studio 2012
Project("{FAE04EC0-301F-11D3-BF4B-00C04F79EFBC}") = "ghg", "ghg\ghg.csproj", "{2373C27C-C2DC-47AB-8A33-A57C8AB4548F}"
EndProject
Global
	GlobalSection(SolutionConfigurationPlatforms) = preSolution
		Debug|Any CPU = Debug|Any CPU
		Release|Any CPU = Release|Any CPU
	EndGlobalSection
	GlobalSection(ProjectConfigurationPlatforms) = postSolution
		{2373C27C-C2DC-47AB-8A33-A57C8AB4548F}.Debug|Any CPU.ActiveCfg = Debug|Any CPU
		{2373C27C-C2DC-47AB-8A33-A57C8AB4548F}.Debug|Any CPU.Build.0 = Debug|Any CPU
		{2373C27C-C2DC-47AB-8A33-A57C8AB4548F}.Release|Any CPU.ActiveCfg = Release|Any CPU
		{2373C27C-C2DC-47AB-8A33-A57C8AB4548F}.Release|Any CPU.Build.0 = Release|Any CPU
	EndGlobalSection
	GlobalSection(SolutionProperties) = preSolution
		HideSolutionNode = FALSE
	EndGlobalSection
EndGlobal
